#MicroXplorer Configuration settings - do not modify
Dma.Request0=SPI1_TX
Dma.RequestsNb=1
Dma.SPI1_TX.0.Direction=DMA_MEMORY_TO_PERIPH
Dma.SPI1_TX.0.Instance=DMA2_Channel4
Dma.SPI1_TX.0.MemDataAlignment=DMA_MDATAALIGN_BYTE
Dma.SPI1_TX.0.MemInc=DMA_MINC_ENABLE
Dma.SPI1_TX.0.Mode=DMA_NORMAL
Dma.SPI1_TX.0.PeriphDataAlignment=DMA_PDATAALIGN_BYTE
Dma.SPI1_TX.0.PeriphInc=DMA_PINC_DISABLE
Dma.SPI1_TX.0.Priority=DMA_PRIORITY_VERY_HIGH
Dma.SPI1_TX.0.RequestParameters=Instance,Direction,PeriphInc,MemInc,PeriphDataAlignment,MemDataAlignment,Mode,Priority
FREERTOS.FootprintOK=true
FREERTOS.INCLUDE_eTaskGetState=1
FREERTOS.INCLUDE_uxTaskGetStackHighWaterMark=1
FREERTOS.INCLUDE_vTaskCleanUpResources=1
FREERTOS.INCLUDE_vTaskDelayUntil=1
FREERTOS.INCLUDE_xSemaphoreGetMutexHolder=1
FREERTOS.INCLUDE_xTaskAbortDelay=1
FREERTOS.INCLUDE_xTaskGetHandle=1
FREERTOS.IPParameters=Tasks01,configENABLE_FPU,configUSE_MALLOC_FAILED_HOOK,configUSE_DAEMON_TASK_STARTUP_HOOK,configCHECK_FOR_STACK_OVERFLOW,configUSE_CO_ROUTINES,INCLUDE_vTaskCleanUpResources,INCLUDE_xSemaphoreGetMutexHolder,configUSE_NEWLIB_REENTRANT,configUSE_TRACE_FACILITY,configGENERATE_RUN_TIME_STATS,configUSE_STATS_FORMATTING_FUNCTIONS,INCLUDE_eTaskGetState,INCLUDE_vTaskDelayUntil,INCLUDE_xTaskGetHandle,INCLUDE_xTaskAbortDelay,FootprintOK,INCLUDE_uxTaskGetStackHighWaterMark,configTOTAL_HEAP_SIZE
FREERTOS.Tasks01=defaultTask,0,200,StartDefaultTask,Default,NULL,Dynamic,NULL,NULL
FREERTOS.configCHECK_FOR_STACK_OVERFLOW=1
FREERTOS.configENABLE_FPU=1
FREERTOS.configGENERATE_RUN_TIME_STATS=1
FREERTOS.configTOTAL_HEAP_SIZE=10000
FREERTOS.configUSE_CO_ROUTINES=1
FREERTOS.configUSE_DAEMON_TASK_STARTUP_HOOK=0
FREERTOS.configUSE_MALLOC_FAILED_HOOK=1
FREERTOS.configUSE_NEWLIB_REENTRANT=1
FREERTOS.configUSE_STATS_FORMATTING_FUNCTIONS=1
FREERTOS.configUSE_TRACE_FACILITY=1
File.Version=6
GPIO.groupedBy=
KeepUserPlacement=false
Mcu.Family=STM32L4
Mcu.IP0=CRC
Mcu.IP1=DMA
Mcu.IP2=FREERTOS
Mcu.IP3=NVIC
Mcu.IP4=RCC
Mcu.IP5=SPI1
Mcu.IP6=SYS
Mcu.IPNb=7
Mcu.Name=STM32L496V(E-G)Tx
Mcu.Package=LQFP100
Mcu.Pin0=PA4
Mcu.Pin1=PA5
Mcu.Pin10=PB6
Mcu.Pin11=VP_CRC_VS_CRC
Mcu.Pin12=VP_FREERTOS_VS_CMSIS_V1
Mcu.Pin13=VP_SYS_VS_tim1
Mcu.Pin2=PA6
Mcu.Pin3=PA7
Mcu.Pin4=PB2
Mcu.Pin5=PE7
Mcu.Pin6=PA13 (JTMS/SWDIO)
Mcu.Pin7=PA14 (JTCK/SWCLK)
Mcu.Pin8=PA15 (JTDI)
Mcu.Pin9=PB3 (JTDO/TRACESWO)
Mcu.PinsNb=14
Mcu.ThirdPartyNb=0
Mcu.UserConstants=
Mcu.UserName=STM32L496VGTx
MxCube.Version=6.3.0
MxDb.Version=DB.6.0.30
NVIC.BusFault_IRQn=true\:0\:0\:false\:false\:true\:false\:false\:false
NVIC.DMA2_Channel4_IRQn=true\:0\:0\:false\:false\:true\:false\:false\:true
NVIC.DebugMonitor_IRQn=true\:0\:0\:false\:false\:true\:false\:false\:false
NVIC.ForceEnableDMAVector=true
NVIC.HardFault_IRQn=true\:0\:0\:false\:false\:true\:false\:false\:false
NVIC.MemoryManagement_IRQn=true\:0\:0\:false\:false\:true\:false\:false\:false
NVIC.NonMaskableInt_IRQn=true\:0\:0\:false\:false\:true\:false\:false\:false
NVIC.PendSV_IRQn=true\:15\:0\:false\:false\:false\:true\:false\:false
NVIC.PriorityGroup=NVIC_PRIORITYGROUP_4
NVIC.SVCall_IRQn=true\:0\:0\:false\:false\:false\:false\:false\:false
NVIC.SavedPendsvIrqHandlerGenerated=true
NVIC.SavedSvcallIrqHandlerGenerated=true
NVIC.SavedSystickIrqHandlerGenerated=true
NVIC.SysTick_IRQn=true\:15\:0\:false\:false\:false\:true\:false\:true
NVIC.TIM1_UP_TIM16_IRQn=true\:15\:0\:false\:false\:true\:false\:false\:true
NVIC.TimeBase=TIM1_UP_TIM16_IRQn
NVIC.TimeBaseIP=TIM1
NVIC.UsageFault_IRQn=true\:0\:0\:false\:false\:true\:false\:false\:false
PA13\ (JTMS/SWDIO).Mode=JTAG_4_pins
PA13\ (JTMS/SWDIO).Signal=SYS_JTMS-SWDIO
PA14\ (JTCK/SWCLK).Mode=JTAG_4_pins
PA14\ (JTCK/SWCLK).Signal=SYS_JTCK-SWCLK
PA15\ (JTDI).Mode=JTAG_4_pins
PA15\ (JTDI).Signal=SYS_JTDI
PA4.Mode=NSS_Signal_Hard_Output
PA4.Signal=SPI1_NSS
PA5.Locked=true
PA5.Mode=TX_Only_Simplex_Unidirect_Master
PA5.Signal=SPI1_SCK
PA6.GPIOParameters=GPIO_Speed,PinState,GPIO_Label
PA6.GPIO_Label=LCD_DC
PA6.GPIO_Speed=GPIO_SPEED_FREQ_VERY_HIGH
PA6.Locked=true
PA6.PinState=GPIO_PIN_SET
PA6.Signal=GPIO_Output
PA7.Mode=TX_Only_Simplex_Unidirect_Master
PA7.Signal=SPI1_MOSI
PB2.GPIOParameters=GPIO_Speed,PinState,GPIO_Label
PB2.GPIO_Label=LCD_RST
PB2.GPIO_Speed=GPIO_SPEED_FREQ_VERY_HIGH
PB2.Locked=true
PB2.PinState=GPIO_PIN_SET
PB2.Signal=GPIO_Output
PB3\ (JTDO/TRACESWO).Mode=JTAG_4_pins
PB3\ (JTDO/TRACESWO).Signal=SYS_JTDO-SWO
PB6.GPIOParameters=GPIO_Label
PB6.GPIO_Label=LED1
PB6.Locked=true
PB6.Signal=GPIO_Output
PE7.GPIOParameters=GPIO_Speed,GPIO_Label
PE7.GPIO_Label=LCD_PWR
PE7.GPIO_Speed=GPIO_SPEED_FREQ_VERY_HIGH
PE7.Locked=true
PE7.Signal=GPIO_Output
PinOutPanel.RotationAngle=0
ProjectManager.AskForMigrate=true
ProjectManager.BackupPrevious=false
ProjectManager.CompilerOptimize=6
ProjectManager.ComputerToolchain=false
ProjectManager.CoupleFile=false
ProjectManager.CustomerFirmwarePackage=
ProjectManager.DefaultFWLocation=true
ProjectManager.DeletePrevious=true
ProjectManager.DeviceId=STM32L496VGTx
ProjectManager.FirmwarePackage=STM32Cube FW_L4 V1.17.0
ProjectManager.FreePins=true
ProjectManager.HalAssertFull=false
ProjectManager.HeapSize=0x200
ProjectManager.KeepUserCode=true
ProjectManager.LastFirmware=true
ProjectManager.LibraryCopy=1
ProjectManager.MainLocation=Core/Src
ProjectManager.NoMain=false
ProjectManager.PreviousToolchain=
ProjectManager.ProjectBuild=false
ProjectManager.ProjectFileName=AliDeveloperKit.ioc
ProjectManager.ProjectName=AliDeveloperKit
ProjectManager.RegisterCallBack=
ProjectManager.StackSize=0x400
ProjectManager.TargetToolchain=Makefile
ProjectManager.ToolChainLocation=
ProjectManager.UnderRoot=false
ProjectManager.functionlistsort=1-SystemClock_Config-RCC-false-HAL-false,2-MX_GPIO_Init-GPIO-false-HAL-true,3-MX_SPI1_Init-SPI1-false-HAL-true,4-MX_DMA_Init-DMA-false-HAL-true,5-MX_CRC_Init-CRC-false-HAL-true
RCC.ADCFreq_Value=64000000
RCC.AHBFreq_Value=80000000
RCC.APB1Freq_Value=80000000
RCC.APB1TimFreq_Value=80000000
RCC.APB2Freq_Value=80000000
RCC.APB2TimFreq_Value=80000000
RCC.CortexFreq_Value=80000000
RCC.DFSDMFreq_Value=80000000
RCC.FCLKCortexFreq_Value=80000000
RCC.FamilyName=M
RCC.HCLKFreq_Value=80000000
RCC.HSE_VALUE=8000000
RCC.HSI48_VALUE=48000000
RCC.HSI_VALUE=16000000
RCC.I2C1Freq_Value=80000000
RCC.I2C2Freq_Value=80000000
RCC.I2C3Freq_Value=80000000
RCC.I2C4Freq_Value=80000000
RCC.IPParameters=ADCFreq_Value,AHBFreq_Value,APB1Freq_Value,APB1TimFreq_Value,APB2Freq_Value,APB2TimFreq_Value,CortexFreq_Value,DFSDMFreq_Value,FCLKCortexFreq_Value,FamilyName,HCLKFreq_Value,HSE_VALUE,HSI48_VALUE,HSI_VALUE,I2C1Freq_Value,I2C2Freq_Value,I2C3Freq_Value,I2C4Freq_Value,LPTIM1Freq_Value,LPTIM2Freq_Value,LPUART1Freq_Value,LSCOPinFreq_Value,LSE_VALUE,LSI_VALUE,MCO1PinFreq_Value,MSI_VALUE,PLLN,PLLPoutputFreq_Value,PLLQoutputFreq_Value,PLLRCLKFreq_Value,PLLSAI1PoutputFreq_Value,PLLSAI1QoutputFreq_Value,PLLSAI1RoutputFreq_Value,PLLSAI2PoutputFreq_Value,PLLSAI2RoutputFreq_Value,PLLSourceVirtual,PWRFreq_Value,RNGFreq_Value,SAI1Freq_Value,SAI2Freq_Value,SDMMCFreq_Value,SWPMI1Freq_Value,SYSCLKFreq_VALUE,SYSCLKSource,UART4Freq_Value,UART5Freq_Value,USART1Freq_Value,USART2Freq_Value,USART3Freq_Value,USBFreq_Value,VCOInputFreq_Value,VCOOutputFreq_Value,VCOSAI1OutputFreq_Value,VCOSAI2OutputFreq_Value
RCC.LPTIM1Freq_Value=80000000
RCC.LPTIM2Freq_Value=80000000
RCC.LPUART1Freq_Value=80000000
RCC.LSCOPinFreq_Value=32000
RCC.LSE_VALUE=32768
RCC.LSI_VALUE=32000
RCC.MCO1PinFreq_Value=80000000
RCC.MSI_VALUE=4000000
RCC.PLLN=10
RCC.PLLPoutputFreq_Value=80000000
RCC.PLLQoutputFreq_Value=80000000
RCC.PLLRCLKFreq_Value=80000000
RCC.PLLSAI1PoutputFreq_Value=64000000
RCC.PLLSAI1QoutputFreq_Value=64000000
RCC.PLLSAI1RoutputFreq_Value=64000000
RCC.PLLSAI2PoutputFreq_Value=64000000
RCC.PLLSAI2RoutputFreq_Value=64000000
RCC.PLLSourceVirtual=RCC_PLLSOURCE_HSI
RCC.PWRFreq_Value=80000000
RCC.RNGFreq_Value=64000000
RCC.SAI1Freq_Value=64000000
RCC.SAI2Freq_Value=64000000
RCC.SDMMCFreq_Value=64000000
RCC.SWPMI1Freq_Value=80000000
RCC.SYSCLKFreq_VALUE=80000000
RCC.SYSCLKSource=RCC_SYSCLKSOURCE_PLLCLK
RCC.UART4Freq_Value=80000000
RCC.UART5Freq_Value=80000000
RCC.USART1Freq_Value=80000000
RCC.USART2Freq_Value=80000000
RCC.USART3Freq_Value=80000000
RCC.USBFreq_Value=64000000
RCC.VCOInputFreq_Value=16000000
RCC.VCOOutputFreq_Value=160000000
RCC.VCOSAI1OutputFreq_Value=128000000
RCC.VCOSAI2OutputFreq_Value=128000000
SPI1.BaudRatePrescaler=SPI_BAUDRATEPRESCALER_2
SPI1.CLKPolarity=SPI_POLARITY_LOW
SPI1.CRCCalculation=SPI_CRCCALCULATION_DISABLE
SPI1.CalculateBaudRate=40.0 MBits/s
SPI1.DataSize=SPI_DATASIZE_8BIT
SPI1.Direction=SPI_DIRECTION_2LINES
SPI1.IPParameters=VirtualType,Mode,Direction,CalculateBaudRate,VirtualNSS,BaudRatePrescaler,DataSize,CLKPolarity,CRCCalculation
SPI1.Mode=SPI_MODE_MASTER
SPI1.VirtualNSS=VM_NSSHARD
SPI1.VirtualType=VM_MASTER
VP_CRC_VS_CRC.Mode=CRC_Activate
VP_CRC_VS_CRC.Signal=CRC_VS_CRC
VP_FREERTOS_VS_CMSIS_V1.Mode=CMSIS_V1
VP_FREERTOS_VS_CMSIS_V1.Signal=FREERTOS_VS_CMSIS_V1
VP_SYS_VS_tim1.Mode=TIM1
VP_SYS_VS_tim1.Signal=SYS_VS_tim1
board=custom
